
Microsoft Visual Studio Solution File, Format Version 12.00
# Visual Studio Version 16
VisualStudioVersion = 16.0.36227.6
MinimumVisualStudioVersion = 10.0.40219.1
Project("{FAE04EC0-301F-11D3-BF4B-00C04F79EFBC}") = "ShopThoiTrangASP", "ShopThoiTrangASP\ShopThoiTrangASP.csproj", "{4549BB6B-2D0C-4CE1-95A8-B0B64E754B88}"
EndProject
Global
	GlobalSection(SolutionConfigurationPlatforms) = preSolution
		Debug|Any CPU = Debug|Any CPU
		Release|Any CPU = Release|Any CPU
	EndGlobalSection
	GlobalSection(ProjectConfigurationPlatforms) = postSolution
		{4549BB6B-2D0C-4CE1-95A8-B0B64E754B88}.Debug|Any CPU.ActiveCfg = Debug|Any CPU
		{4549BB6B-2D0C-4CE1-95A8-B0B64E754B88}.Debug|Any CPU.Build.0 = Debug|Any CPU
		{4549BB6B-2D0C-4CE1-95A8-B0B64E754B88}.Release|Any CPU.ActiveCfg = Release|Any CPU
		{4549BB6B-2D0C-4CE1-95A8-B0B64E754B88}.Release|Any CPU.Build.0 = Release|Any CPU
	EndGlobalSection
	GlobalSection(SolutionProperties) = preSolution
		HideSolutionNode = FALSE
	EndGlobalSection
	GlobalSection(ExtensibilityGlobals) = postSolution
		SolutionGuid = {E6947764-3546-4E87-92C9-2F1626FE1816}
	EndGlobalSection
EndGlobal
